
Microsoft Visual Studio Solution File, Format Version 12.00
# Visual Studio 14
VisualStudioVersion = 14.0.25420.1
MinimumVisualStudioVersion = 10.0.40219.1
Project("{262852C6-CD72-467D-83FE-5EEB1973A190}") = "procsJS1", "procsJS1\procsJS1.jsproj", "{49F30EE6-9809-4BC4-A2B8-1D70E6D543BC}"
EndProject
Global
	GlobalSection(SolutionConfigurationPlatforms) = preSolution
		Debug|Any CPU = Debug|Any CPU
		Debug|ARM = Debug|ARM
		Debug|x64 = Debug|x64
		Debug|x86 = Debug|x86
		Release|Any CPU = Release|Any CPU
		Release|ARM = Release|ARM
		Release|x64 = Release|x64
		Release|x86 = Release|x86
	EndGlobalSection
	GlobalSection(ProjectConfigurationPlatforms) = postSolution
		{49F30EE6-9809-4BC4-A2B8-1D70E6D543BC}.Debug|Any CPU.ActiveCfg = Debug|Any CPU
		{49F30EE6-9809-4BC4-A2B8-1D70E6D543BC}.Debug|Any CPU.Build.0 = Debug|Any CPU
		{49F30EE6-9809-4BC4-A2B8-1D70E6D543BC}.Debug|Any CPU.Deploy.0 = Debug|Any CPU
		{49F30EE6-9809-4BC4-A2B8-1D70E6D543BC}.Debug|ARM.ActiveCfg = Debug|ARM
		{49F30EE6-9809-4BC4-A2B8-1D70E6D543BC}.Debug|ARM.Build.0 = Debug|ARM
		{49F30EE6-9809-4BC4-A2B8-1D70E6D543BC}.Debug|ARM.Deploy.0 = Debug|ARM
		{49F30EE6-9809-4BC4-A2B8-1D70E6D543BC}.Debug|x64.ActiveCfg = Debug|x64
		{49F30EE6-9809-4BC4-A2B8-1D70E6D543BC}.Debug|x64.Build.0 = Debug|x64
		{49F30EE6-9809-4BC4-A2B8-1D70E6D543BC}.Debug|x64.Deploy.0 = Debug|x64
		{49F30EE6-9809-4BC4-A2B8-1D70E6D543BC}.Debug|x86.ActiveCfg = Debug|x86
		{49F30EE6-9809-4BC4-A2B8-1D70E6D543BC}.Debug|x86.Build.0 = Debug|x86
		{49F30EE6-9809-4BC4-A2B8-1D70E6D543BC}.Debug|x86.Deploy.0 = Debug|x86
		{49F30EE6-9809-4BC4-A2B8-1D70E6D543BC}.Release|Any CPU.ActiveCfg = Release|Any CPU
		{49F30EE6-9809-4BC4-A2B8-1D70E6D543BC}.Release|Any CPU.Build.0 = Release|Any CPU
		{49F30EE6-9809-4BC4-A2B8-1D70E6D543BC}.Release|Any CPU.Deploy.0 = Release|Any CPU
		{49F30EE6-9809-4BC4-A2B8-1D70E6D543BC}.Release|ARM.ActiveCfg = Release|ARM
		{49F30EE6-9809-4BC4-A2B8-1D70E6D543BC}.Release|ARM.Build.0 = Release|ARM
		{49F30EE6-9809-4BC4-A2B8-1D70E6D543BC}.Release|ARM.Deploy.0 = Release|ARM
		{49F30EE6-9809-4BC4-A2B8-1D70E6D543BC}.Release|x64.ActiveCfg = Release|x64
		{49F30EE6-9809-4BC4-A2B8-1D70E6D543BC}.Release|x64.Build.0 = Release|x64
		{49F30EE6-9809-4BC4-A2B8-1D70E6D543BC}.Release|x64.Deploy.0 = Release|x64
		{49F30EE6-9809-4BC4-A2B8-1D70E6D543BC}.Release|x86.ActiveCfg = Release|x86
		{49F30EE6-9809-4BC4-A2B8-1D70E6D543BC}.Release|x86.Build.0 = Release|x86
		{49F30EE6-9809-4BC4-A2B8-1D70E6D543BC}.Release|x86.Deploy.0 = Release|x86
	EndGlobalSection
	GlobalSection(SolutionProperties) = preSolution
		HideSolutionNode = FALSE
	EndGlobalSection
EndGlobal
